
Microsoft Visual Studio Solution File, Format Version 12.00
# Visual Studio Version 16
VisualStudioVersion = 25.0.1706.7
MinimumVisualStudioVersion = 10.0.40219.1
Project("{2150E333-8FDC-42A3-9474-1A3956D46DE8}") = "SharedKernal", "SharedKernal", "{FCF45414-1719-4DB3-8058-332B31DE4B99}"
EndProject
Project("{FAE04EC0-301F-11D3-BF4B-00C04F79EFBC}") = "KR.Common", "SharedKernal\KR.Common\KR.Common.csproj", "{7FD090C7-1AEB-44CD-BBC0-DB17BEFBDF3F}"
EndProject
Project("{FAE04EC0-301F-11D3-BF4B-00C04F79EFBC}") = "KR.Infrastructure", "SharedKernal\KR.Infrastructure\KR.Infrastructure.csproj", "{D6827F08-DAC8-46B3-AF77-61569077FE0B}"
EndProject
Project("{2150E333-8FDC-42A3-9474-1A3956D46DE8}") = "Experience", "Experience", "{B13B0AF7-938A-4E4C-B8E3-F2307EB26C34}"
EndProject
Project("{2150E333-8FDC-42A3-9474-1A3956D46DE8}") = "Core", "Core", "{4C09EF0B-2E0F-4E58-BD49-E0A8D424A452}"
EndProject
Project("{2150E333-8FDC-42A3-9474-1A3956D46DE8}") = "Document", "Document", "{EC483FC2-DA5B-49BE-9A6A-4DF24C41641F}"
EndProject
Project("{FAE04EC0-301F-11D3-BF4B-00C04F79EFBC}") = "KR.Document.HB.Api", "Core\Document\KR.Document.HB.Api\KR.Document.HB.Api.csproj", "{9630ABE2-64DB-462A-9445-2C79E4F8D3A1}"
EndProject
Project("{FAE04EC0-301F-11D3-BF4B-00C04F79EFBC}") = "KR.Document.HB.Adapter", "Core\Document\KR.Document.HB.Adapter\KR.Document.HB.Adapter.csproj", "{0CDF4AC9-DA6F-4B7E-B420-CBE2BDF89225}"
EndProject
Project("{FAE04EC0-301F-11D3-BF4B-00C04F79EFBC}") = "KR.Document.HB.Application", "Core\Document\KR.Document.HB.Application\KR.Document.HB.Application.csproj", "{78B94C12-E678-41A4-B5E7-BB27D6A7218B}"
EndProject
Project("{FAE04EC0-301F-11D3-BF4B-00C04F79EFBC}") = "KR.Document.HB.Domain", "Core\Document\KR.Document.HB.Domain\KR.Document.HB.Domain.csproj", "{449A4EBF-D6CE-433E-BFF3-E446EE279EF1}"
EndProject
Project("{FAE04EC0-301F-11D3-BF4B-00C04F79EFBC}") = "KR.Document.HB.Tests", "Core\Document\KR.Document.HB.Tests\KR.Document.HB.Tests.csproj", "{7C50CD36-CE8C-4456-A85F-37F96025B0ED}"
EndProject
Project("{FAE04EC0-301F-11D3-BF4B-00C04F79EFBC}") = "KR.Eventing", "SharedKernal\KR.Eventing\KR.Eventing.csproj", "{367AD40E-1708-4206-9061-08D71963FB2F}"
EndProject
Project("{FAE04EC0-301F-11D3-BF4B-00C04F79EFBC}") = "KR.Security", "SharedKernal\KR.Security\KR.Security.csproj", "{819487A3-6EAA-4BD4-81F7-C47510ABAC0B}"
EndProject
Global
	GlobalSection(SolutionConfigurationPlatforms) = preSolution
		Debug|Any CPU = Debug|Any CPU
		Release|Any CPU = Release|Any CPU
	EndGlobalSection
	GlobalSection(ProjectConfigurationPlatforms) = postSolution
		{7FD090C7-1AEB-44CD-BBC0-DB17BEFBDF3F}.Debug|Any CPU.ActiveCfg = Debug|Any CPU
		{7FD090C7-1AEB-44CD-BBC0-DB17BEFBDF3F}.Debug|Any CPU.Build.0 = Debug|Any CPU
		{7FD090C7-1AEB-44CD-BBC0-DB17BEFBDF3F}.Release|Any CPU.ActiveCfg = Release|Any CPU
		{7FD090C7-1AEB-44CD-BBC0-DB17BEFBDF3F}.Release|Any CPU.Build.0 = Release|Any CPU
		{D6827F08-DAC8-46B3-AF77-61569077FE0B}.Debug|Any CPU.ActiveCfg = Debug|Any CPU
		{D6827F08-DAC8-46B3-AF77-61569077FE0B}.Debug|Any CPU.Build.0 = Debug|Any CPU
		{D6827F08-DAC8-46B3-AF77-61569077FE0B}.Release|Any CPU.ActiveCfg = Release|Any CPU
		{D6827F08-DAC8-46B3-AF77-61569077FE0B}.Release|Any CPU.Build.0 = Release|Any CPU
		{9630ABE2-64DB-462A-9445-2C79E4F8D3A1}.Debug|Any CPU.ActiveCfg = Debug|Any CPU
		{9630ABE2-64DB-462A-9445-2C79E4F8D3A1}.Debug|Any CPU.Build.0 = Debug|Any CPU
		{9630ABE2-64DB-462A-9445-2C79E4F8D3A1}.Release|Any CPU.ActiveCfg = Release|Any CPU
		{9630ABE2-64DB-462A-9445-2C79E4F8D3A1}.Release|Any CPU.Build.0 = Release|Any CPU
		{0CDF4AC9-DA6F-4B7E-B420-CBE2BDF89225}.Debug|Any CPU.ActiveCfg = Debug|Any CPU
		{0CDF4AC9-DA6F-4B7E-B420-CBE2BDF89225}.Debug|Any CPU.Build.0 = Debug|Any CPU
		{0CDF4AC9-DA6F-4B7E-B420-CBE2BDF89225}.Release|Any CPU.ActiveCfg = Release|Any CPU
		{0CDF4AC9-DA6F-4B7E-B420-CBE2BDF89225}.Release|Any CPU.Build.0 = Release|Any CPU
		{78B94C12-E678-41A4-B5E7-BB27D6A7218B}.Debug|Any CPU.ActiveCfg = Debug|Any CPU
		{78B94C12-E678-41A4-B5E7-BB27D6A7218B}.Debug|Any CPU.Build.0 = Debug|Any CPU
		{78B94C12-E678-41A4-B5E7-BB27D6A7218B}.Release|Any CPU.ActiveCfg = Release|Any CPU
		{78B94C12-E678-41A4-B5E7-BB27D6A7218B}.Release|Any CPU.Build.0 = Release|Any CPU
		{449A4EBF-D6CE-433E-BFF3-E446EE279EF1}.Debug|Any CPU.ActiveCfg = Debug|Any CPU
		{449A4EBF-D6CE-433E-BFF3-E446EE279EF1}.Debug|Any CPU.Build.0 = Debug|Any CPU
		{449A4EBF-D6CE-433E-BFF3-E446EE279EF1}.Release|Any CPU.ActiveCfg = Release|Any CPU
		{449A4EBF-D6CE-433E-BFF3-E446EE279EF1}.Release|Any CPU.Build.0 = Release|Any CPU
		{7C50CD36-CE8C-4456-A85F-37F96025B0ED}.Debug|Any CPU.ActiveCfg = Debug|Any CPU
		{7C50CD36-CE8C-4456-A85F-37F96025B0ED}.Debug|Any CPU.Build.0 = Debug|Any CPU
		{7C50CD36-CE8C-4456-A85F-37F96025B0ED}.Release|Any CPU.ActiveCfg = Release|Any CPU
		{7C50CD36-CE8C-4456-A85F-37F96025B0ED}.Release|Any CPU.Build.0 = Release|Any CPU
		{367AD40E-1708-4206-9061-08D71963FB2F}.Debug|Any CPU.ActiveCfg = Debug|Any CPU
		{367AD40E-1708-4206-9061-08D71963FB2F}.Debug|Any CPU.Build.0 = Debug|Any CPU
		{367AD40E-1708-4206-9061-08D71963FB2F}.Release|Any CPU.ActiveCfg = Release|Any CPU
		{367AD40E-1708-4206-9061-08D71963FB2F}.Release|Any CPU.Build.0 = Release|Any CPU
		{819487A3-6EAA-4BD4-81F7-C47510ABAC0B}.Debug|Any CPU.ActiveCfg = Debug|Any CPU
		{819487A3-6EAA-4BD4-81F7-C47510ABAC0B}.Debug|Any CPU.Build.0 = Debug|Any CPU
		{819487A3-6EAA-4BD4-81F7-C47510ABAC0B}.Release|Any CPU.ActiveCfg = Release|Any CPU
		{819487A3-6EAA-4BD4-81F7-C47510ABAC0B}.Release|Any CPU.Build.0 = Release|Any CPU
	EndGlobalSection
	GlobalSection(SolutionProperties) = preSolution
		HideSolutionNode = FALSE
	EndGlobalSection
	GlobalSection(NestedProjects) = preSolution
		{7FD090C7-1AEB-44CD-BBC0-DB17BEFBDF3F} = {FCF45414-1719-4DB3-8058-332B31DE4B99}
		{D6827F08-DAC8-46B3-AF77-61569077FE0B} = {FCF45414-1719-4DB3-8058-332B31DE4B99}
		{EC483FC2-DA5B-49BE-9A6A-4DF24C41641F} = {4C09EF0B-2E0F-4E58-BD49-E0A8D424A452}
		{9630ABE2-64DB-462A-9445-2C79E4F8D3A1} = {EC483FC2-DA5B-49BE-9A6A-4DF24C41641F}
		{0CDF4AC9-DA6F-4B7E-B420-CBE2BDF89225} = {EC483FC2-DA5B-49BE-9A6A-4DF24C41641F}
		{78B94C12-E678-41A4-B5E7-BB27D6A7218B} = {EC483FC2-DA5B-49BE-9A6A-4DF24C41641F}
		{449A4EBF-D6CE-433E-BFF3-E446EE279EF1} = {EC483FC2-DA5B-49BE-9A6A-4DF24C41641F}
		{7C50CD36-CE8C-4456-A85F-37F96025B0ED} = {EC483FC2-DA5B-49BE-9A6A-4DF24C41641F}
		{367AD40E-1708-4206-9061-08D71963FB2F} = {FCF45414-1719-4DB3-8058-332B31DE4B99}
		{819487A3-6EAA-4BD4-81F7-C47510ABAC0B} = {FCF45414-1719-4DB3-8058-332B31DE4B99}
	EndGlobalSection
	GlobalSection(ExtensibilityGlobals) = postSolution
		SolutionGuid = {D0D28453-2B9A-42B8-9688-B705C436EFF6}
	EndGlobalSection
EndGlobal
