
Microsoft Visual Studio Solution File, Format Version 12.00
# Visual Studio Version 16
VisualStudioVersion = 25.0.1706.7
MinimumVisualStudioVersion = 10.0.40219.1
Project("{2150E333-8FDC-42A3-9474-1A3956D46DE8}") = "SharedKernal", "SharedKernal", "{FCF45414-1719-4DB3-8058-332B31DE4B99}"
EndProject
Project("{FAE04EC0-301F-11D3-BF4B-00C04F79EFBC}") = "KR.Common", "SharedKernal\KR.Common\KR.Common.csproj", "{7FD090C7-1AEB-44CD-BBC0-DB17BEFBDF3F}"
EndProject
Project("{FAE04EC0-301F-11D3-BF4B-00C04F79EFBC}") = "KR.Infrastructure", "SharedKernal\KR.Infrastructure\KR.Infrastructure.csproj", "{D6827F08-DAC8-46B3-AF77-61569077FE0B}"
EndProject
Project("{2150E333-8FDC-42A3-9474-1A3956D46DE8}") = "Experience", "Experience", "{B13B0AF7-938A-4E4C-B8E3-F2307EB26C34}"
EndProject
Project("{FAE04EC0-301F-11D3-BF4B-00C04F79EFBC}") = "KR.Experience.HB.Api", "Experience\KR.Experience.HB.Api\KR.Experience.HB.Api.csproj", "{B59C0701-3166-494C-B330-028EA935F9B7}"
EndProject
Project("{FAE04EC0-301F-11D3-BF4B-00C04F79EFBC}") = "KR.Experience.HB.Application", "Experience\KR.Experience.HB.Application\KR.Experience.HB.Application.csproj", "{90870DD1-ADCC-417E-AD85-F1C800B3C1E1}"
EndProject
Project("{FAE04EC0-301F-11D3-BF4B-00C04F79EFBC}") = "KR.Experience.HB.Adapter", "Experience\KR.Experience.HB.Adapter\KR.Experience.HB.Adapter.csproj", "{ED593535-4A38-4515-8B9F-B721856073E4}"
EndProject
Project("{FAE04EC0-301F-11D3-BF4B-00C04F79EFBC}") = "KR.Experience.HB.Domain", "Experience\KR.Experience.HB.Domain\KR.Experience.HB.Domain.csproj", "{B8192FEB-4FC5-417D-BB7B-35E74CCFE9D2}"
EndProject
Project("{FAE04EC0-301F-11D3-BF4B-00C04F79EFBC}") = "KR.Experience.HB.Tests", "Experience\KR.Experience.HB.Tests\KR.Experience.HB.Tests.csproj", "{6D5857B1-4CBA-4FB5-BDB8-F7F7852914A3}"
EndProject
Project("{2150E333-8FDC-42A3-9474-1A3956D46DE8}") = "Core", "Core", "{4C09EF0B-2E0F-4E58-BD49-E0A8D424A452}"
EndProject
Project("{FAE04EC0-301F-11D3-BF4B-00C04F79EFBC}") = "KR.Core.Documents.HB.Api", "Core\KR.Core.Documents.HB.Api\KR.Core.Documents.HB.Api.csproj", "{6657CEB3-8056-44AE-8035-5E3D86424512}"
EndProject
Project("{FAE04EC0-301F-11D3-BF4B-00C04F79EFBC}") = "KR.Core.Documents.HB.Application", "Core\KR.Core.Documents.HB.Application\KR.Core.Documents.HB.Application.csproj", "{7D1707D3-A81C-4BD6-8EF1-38D3924F409B}"
EndProject
Project("{FAE04EC0-301F-11D3-BF4B-00C04F79EFBC}") = "KR.Core.Documents.HB.Domain", "Core\KR.Core.Documents.HB.Domain\KR.Core.Documents.HB.Domain.csproj", "{06EF15B9-3932-42B8-B808-4C1A57FCEE9D}"
EndProject
Project("{FAE04EC0-301F-11D3-BF4B-00C04F79EFBC}") = "KR.Core.Documents.HB.Persistence", "Core\KR.Core.Documents.HB.Persistence\KR.Core.Documents.HB.Persistence.csproj", "{571C6E67-4A4F-4C49-9B25-E19829141A09}"
EndProject
Project("{FAE04EC0-301F-11D3-BF4B-00C04F79EFBC}") = "KR.Core.Documents.HB.Tests", "Core\KR.Core.Documents.HB.Tests\KR.Core.Documents.HB.Tests.csproj", "{10E66A66-E7D4-4282-8AF9-FEBED77EC3DD}"
EndProject
Global
	GlobalSection(SolutionConfigurationPlatforms) = preSolution
		Debug|Any CPU = Debug|Any CPU
		Release|Any CPU = Release|Any CPU
	EndGlobalSection
	GlobalSection(ProjectConfigurationPlatforms) = postSolution
		{7FD090C7-1AEB-44CD-BBC0-DB17BEFBDF3F}.Debug|Any CPU.ActiveCfg = Debug|Any CPU
		{7FD090C7-1AEB-44CD-BBC0-DB17BEFBDF3F}.Debug|Any CPU.Build.0 = Debug|Any CPU
		{7FD090C7-1AEB-44CD-BBC0-DB17BEFBDF3F}.Release|Any CPU.ActiveCfg = Release|Any CPU
		{7FD090C7-1AEB-44CD-BBC0-DB17BEFBDF3F}.Release|Any CPU.Build.0 = Release|Any CPU
		{D6827F08-DAC8-46B3-AF77-61569077FE0B}.Debug|Any CPU.ActiveCfg = Debug|Any CPU
		{D6827F08-DAC8-46B3-AF77-61569077FE0B}.Debug|Any CPU.Build.0 = Debug|Any CPU
		{D6827F08-DAC8-46B3-AF77-61569077FE0B}.Release|Any CPU.ActiveCfg = Release|Any CPU
		{D6827F08-DAC8-46B3-AF77-61569077FE0B}.Release|Any CPU.Build.0 = Release|Any CPU
		{B59C0701-3166-494C-B330-028EA935F9B7}.Debug|Any CPU.ActiveCfg = Debug|Any CPU
		{B59C0701-3166-494C-B330-028EA935F9B7}.Debug|Any CPU.Build.0 = Debug|Any CPU
		{B59C0701-3166-494C-B330-028EA935F9B7}.Release|Any CPU.ActiveCfg = Release|Any CPU
		{B59C0701-3166-494C-B330-028EA935F9B7}.Release|Any CPU.Build.0 = Release|Any CPU
		{90870DD1-ADCC-417E-AD85-F1C800B3C1E1}.Debug|Any CPU.ActiveCfg = Debug|Any CPU
		{90870DD1-ADCC-417E-AD85-F1C800B3C1E1}.Debug|Any CPU.Build.0 = Debug|Any CPU
		{90870DD1-ADCC-417E-AD85-F1C800B3C1E1}.Release|Any CPU.ActiveCfg = Release|Any CPU
		{90870DD1-ADCC-417E-AD85-F1C800B3C1E1}.Release|Any CPU.Build.0 = Release|Any CPU
		{ED593535-4A38-4515-8B9F-B721856073E4}.Debug|Any CPU.ActiveCfg = Debug|Any CPU
		{ED593535-4A38-4515-8B9F-B721856073E4}.Debug|Any CPU.Build.0 = Debug|Any CPU
		{ED593535-4A38-4515-8B9F-B721856073E4}.Release|Any CPU.ActiveCfg = Release|Any CPU
		{ED593535-4A38-4515-8B9F-B721856073E4}.Release|Any CPU.Build.0 = Release|Any CPU
		{B8192FEB-4FC5-417D-BB7B-35E74CCFE9D2}.Debug|Any CPU.ActiveCfg = Debug|Any CPU
		{B8192FEB-4FC5-417D-BB7B-35E74CCFE9D2}.Debug|Any CPU.Build.0 = Debug|Any CPU
		{B8192FEB-4FC5-417D-BB7B-35E74CCFE9D2}.Release|Any CPU.ActiveCfg = Release|Any CPU
		{B8192FEB-4FC5-417D-BB7B-35E74CCFE9D2}.Release|Any CPU.Build.0 = Release|Any CPU
		{6D5857B1-4CBA-4FB5-BDB8-F7F7852914A3}.Debug|Any CPU.ActiveCfg = Debug|Any CPU
		{6D5857B1-4CBA-4FB5-BDB8-F7F7852914A3}.Debug|Any CPU.Build.0 = Debug|Any CPU
		{6D5857B1-4CBA-4FB5-BDB8-F7F7852914A3}.Release|Any CPU.ActiveCfg = Release|Any CPU
		{6D5857B1-4CBA-4FB5-BDB8-F7F7852914A3}.Release|Any CPU.Build.0 = Release|Any CPU
		{6657CEB3-8056-44AE-8035-5E3D86424512}.Debug|Any CPU.ActiveCfg = Debug|Any CPU
		{6657CEB3-8056-44AE-8035-5E3D86424512}.Debug|Any CPU.Build.0 = Debug|Any CPU
		{6657CEB3-8056-44AE-8035-5E3D86424512}.Release|Any CPU.ActiveCfg = Release|Any CPU
		{6657CEB3-8056-44AE-8035-5E3D86424512}.Release|Any CPU.Build.0 = Release|Any CPU
		{7D1707D3-A81C-4BD6-8EF1-38D3924F409B}.Debug|Any CPU.ActiveCfg = Debug|Any CPU
		{7D1707D3-A81C-4BD6-8EF1-38D3924F409B}.Debug|Any CPU.Build.0 = Debug|Any CPU
		{7D1707D3-A81C-4BD6-8EF1-38D3924F409B}.Release|Any CPU.ActiveCfg = Release|Any CPU
		{7D1707D3-A81C-4BD6-8EF1-38D3924F409B}.Release|Any CPU.Build.0 = Release|Any CPU
		{06EF15B9-3932-42B8-B808-4C1A57FCEE9D}.Debug|Any CPU.ActiveCfg = Debug|Any CPU
		{06EF15B9-3932-42B8-B808-4C1A57FCEE9D}.Debug|Any CPU.Build.0 = Debug|Any CPU
		{06EF15B9-3932-42B8-B808-4C1A57FCEE9D}.Release|Any CPU.ActiveCfg = Release|Any CPU
		{06EF15B9-3932-42B8-B808-4C1A57FCEE9D}.Release|Any CPU.Build.0 = Release|Any CPU
		{571C6E67-4A4F-4C49-9B25-E19829141A09}.Debug|Any CPU.ActiveCfg = Debug|Any CPU
		{571C6E67-4A4F-4C49-9B25-E19829141A09}.Debug|Any CPU.Build.0 = Debug|Any CPU
		{571C6E67-4A4F-4C49-9B25-E19829141A09}.Release|Any CPU.ActiveCfg = Release|Any CPU
		{571C6E67-4A4F-4C49-9B25-E19829141A09}.Release|Any CPU.Build.0 = Release|Any CPU
		{10E66A66-E7D4-4282-8AF9-FEBED77EC3DD}.Debug|Any CPU.ActiveCfg = Debug|Any CPU
		{10E66A66-E7D4-4282-8AF9-FEBED77EC3DD}.Debug|Any CPU.Build.0 = Debug|Any CPU
		{10E66A66-E7D4-4282-8AF9-FEBED77EC3DD}.Release|Any CPU.ActiveCfg = Release|Any CPU
		{10E66A66-E7D4-4282-8AF9-FEBED77EC3DD}.Release|Any CPU.Build.0 = Release|Any CPU
	EndGlobalSection
	GlobalSection(SolutionProperties) = preSolution
		HideSolutionNode = FALSE
	EndGlobalSection
	GlobalSection(ExtensibilityGlobals) = postSolution
		SolutionGuid = {D0D28453-2B9A-42B8-9688-B705C436EFF6}
	EndGlobalSection
	GlobalSection(NestedProjects) = preSolution
		{7FD090C7-1AEB-44CD-BBC0-DB17BEFBDF3F} = {FCF45414-1719-4DB3-8058-332B31DE4B99}
		{D6827F08-DAC8-46B3-AF77-61569077FE0B} = {FCF45414-1719-4DB3-8058-332B31DE4B99}
		{B59C0701-3166-494C-B330-028EA935F9B7} = {B13B0AF7-938A-4E4C-B8E3-F2307EB26C34}
		{90870DD1-ADCC-417E-AD85-F1C800B3C1E1} = {B13B0AF7-938A-4E4C-B8E3-F2307EB26C34}
		{ED593535-4A38-4515-8B9F-B721856073E4} = {B13B0AF7-938A-4E4C-B8E3-F2307EB26C34}
		{B8192FEB-4FC5-417D-BB7B-35E74CCFE9D2} = {B13B0AF7-938A-4E4C-B8E3-F2307EB26C34}
		{6D5857B1-4CBA-4FB5-BDB8-F7F7852914A3} = {B13B0AF7-938A-4E4C-B8E3-F2307EB26C34}
		{6657CEB3-8056-44AE-8035-5E3D86424512} = {4C09EF0B-2E0F-4E58-BD49-E0A8D424A452}
		{7D1707D3-A81C-4BD6-8EF1-38D3924F409B} = {4C09EF0B-2E0F-4E58-BD49-E0A8D424A452}
		{06EF15B9-3932-42B8-B808-4C1A57FCEE9D} = {4C09EF0B-2E0F-4E58-BD49-E0A8D424A452}
		{571C6E67-4A4F-4C49-9B25-E19829141A09} = {4C09EF0B-2E0F-4E58-BD49-E0A8D424A452}
		{10E66A66-E7D4-4282-8AF9-FEBED77EC3DD} = {4C09EF0B-2E0F-4E58-BD49-E0A8D424A452}
	EndGlobalSection
EndGlobal
